// !$*UTF8*$!
{
	archiveVersion = 1;
	classes = {
	};
	objectVersion = 46;
	objects = {

/* Begin PBXBuildFile section */
		D100530318FBEB660076523A /* SaiphValidator.h in CopyFiles */ = {isa = PBXBuildFile; fileRef = D1217E0018F8853700EC082D /* SaiphValidator.h */; };
		D100530418FBEB6B0076523A /* SaiphConstants.h in CopyFiles */ = {isa = PBXBuildFile; fileRef = D1E8767A17810E15009EEB44 /* SaiphConstants.h */; };
		D100530718FBEB930076523A /* SaiphValidatorAlgorithm.m in Sources */ = {isa = PBXBuildFile; fileRef = D100530618FBEB930076523A /* SaiphValidatorAlgorithm.m */; };
		D100531618FC29750076523A /* SaiphAlgCNJMod97.m in Sources */ = {isa = PBXBuildFile; fileRef = D100531518FC29750076523A /* SaiphAlgCNJMod97.m */; };
		D121082118FC4FAC00FCCBB4 /* SaiphValidatorAlgCNJ.m in Sources */ = {isa = PBXBuildFile; fileRef = D121082018FC4FAC00FCCBB4 /* SaiphValidatorAlgCNJ.m */; };
		D1217E0218F8853700EC082D /* SaiphValidator.m in Sources */ = {isa = PBXBuildFile; fileRef = D1217E0118F8853700EC082D /* SaiphValidator.m */; };
		D14857A01780E41D006BB829 /* Foundation.framework in Frameworks */ = {isa = PBXBuildFile; fileRef = D148579F1780E41D006BB829 /* Foundation.framework */; };
		D14857A51780E41D006BB829 /* Saiph.h in CopyFiles */ = {isa = PBXBuildFile; fileRef = D14857A41780E41D006BB829 /* Saiph.h */; };
		D14857B11780E41D006BB829 /* UIKit.framework in Frameworks */ = {isa = PBXBuildFile; fileRef = D14857B01780E41D006BB829 /* UIKit.framework */; };
		D14857B21780E41D006BB829 /* Foundation.framework in Frameworks */ = {isa = PBXBuildFile; fileRef = D148579F1780E41D006BB829 /* Foundation.framework */; };
		D14857B51780E41D006BB829 /* libSaiph.a in Frameworks */ = {isa = PBXBuildFile; fileRef = D148579C1780E41D006BB829 /* libSaiph.a */; };
		D14857BB1780E41D006BB829 /* InfoPlist.strings in Resources */ = {isa = PBXBuildFile; fileRef = D14857B91780E41D006BB829 /* InfoPlist.strings */; };
		D14857BE1780E41D006BB829 /* SaiphTests.m in Sources */ = {isa = PBXBuildFile; fileRef = D14857BD1780E41D006BB829 /* SaiphTests.m */; };
		D1E876711780F948009EEB44 /* SaiphAlgorithm.m in Sources */ = {isa = PBXBuildFile; fileRef = D1E876701780F948009EEB44 /* SaiphAlgorithm.m */; };
		D1E876741780FBC0009EEB44 /* SaiphAlgMod97.m in Sources */ = {isa = PBXBuildFile; fileRef = D1E876731780FBC0009EEB44 /* SaiphAlgMod97.m */; };
		D1E8767717810B7F009EEB44 /* SaiphChecksummer.m in Sources */ = {isa = PBXBuildFile; fileRef = D1E8767617810B7F009EEB44 /* SaiphChecksummer.m */; };
		D1E8767C17810E15009EEB44 /* SaiphConstants.m in Sources */ = {isa = PBXBuildFile; fileRef = D1E8767B17810E15009EEB44 /* SaiphConstants.m */; };
		D1E8767F17811566009EEB44 /* SaiphChecksummer.h in CopyFiles */ = {isa = PBXBuildFile; fileRef = D1E8767517810B7F009EEB44 /* SaiphChecksummer.h */; };
/* End PBXBuildFile section */

/* Begin PBXContainerItemProxy section */
		D14857B31780E41D006BB829 /* PBXContainerItemProxy */ = {
			isa = PBXContainerItemProxy;
			containerPortal = D14857941780E41D006BB829 /* Project object */;
			proxyType = 1;
			remoteGlobalIDString = D148579B1780E41D006BB829;
			remoteInfo = Saiph;
		};
/* End PBXContainerItemProxy section */

/* Begin PBXCopyFilesBuildPhase section */
		D148579A1780E41D006BB829 /* CopyFiles */ = {
			isa = PBXCopyFilesBuildPhase;
			buildActionMask = 2147483647;
			dstPath = "include/${PRODUCT_NAME}";
			dstSubfolderSpec = 16;
			files = (
				D100530418FBEB6B0076523A /* SaiphConstants.h in CopyFiles */,
				D100530318FBEB660076523A /* SaiphValidator.h in CopyFiles */,
				D1E8767F17811566009EEB44 /* SaiphChecksummer.h in CopyFiles */,
				D14857A51780E41D006BB829 /* Saiph.h in CopyFiles */,
			);
			runOnlyForDeploymentPostprocessing = 0;
		};
/* End PBXCopyFilesBuildPhase section */

/* Begin PBXFileReference section */
		D100530518FBEB930076523A /* SaiphValidatorAlgorithm.h */ = {isa = PBXFileReference; fileEncoding = 4; lastKnownFileType = sourcecode.c.h; path = SaiphValidatorAlgorithm.h; sourceTree = "<group>"; };
		D100530618FBEB930076523A /* SaiphValidatorAlgorithm.m */ = {isa = PBXFileReference; fileEncoding = 4; lastKnownFileType = sourcecode.c.objc; path = SaiphValidatorAlgorithm.m; sourceTree = "<group>"; };
		D100531418FC29750076523A /* SaiphAlgCNJMod97.h */ = {isa = PBXFileReference; fileEncoding = 4; lastKnownFileType = sourcecode.c.h; path = SaiphAlgCNJMod97.h; sourceTree = "<group>"; };
		D100531518FC29750076523A /* SaiphAlgCNJMod97.m */ = {isa = PBXFileReference; fileEncoding = 4; lastKnownFileType = sourcecode.c.objc; path = SaiphAlgCNJMod97.m; sourceTree = "<group>"; };
		D10AF0061780E9F100592A8F /* LICENSE.md */ = {isa = PBXFileReference; lastKnownFileType = text; path = LICENSE.md; sourceTree = "<group>"; };
		D121081F18FC4FAC00FCCBB4 /* SaiphValidatorAlgCNJ.h */ = {isa = PBXFileReference; fileEncoding = 4; lastKnownFileType = sourcecode.c.h; path = SaiphValidatorAlgCNJ.h; sourceTree = "<group>"; };
		D121082018FC4FAC00FCCBB4 /* SaiphValidatorAlgCNJ.m */ = {isa = PBXFileReference; fileEncoding = 4; lastKnownFileType = sourcecode.c.objc; path = SaiphValidatorAlgCNJ.m; sourceTree = "<group>"; };
		D1217E0018F8853700EC082D /* SaiphValidator.h */ = {isa = PBXFileReference; fileEncoding = 4; lastKnownFileType = sourcecode.c.h; path = SaiphValidator.h; sourceTree = "<group>"; };
		D1217E0118F8853700EC082D /* SaiphValidator.m */ = {isa = PBXFileReference; fileEncoding = 4; lastKnownFileType = sourcecode.c.objc; path = SaiphValidator.m; sourceTree = "<group>"; };
		D148579C1780E41D006BB829 /* libSaiph.a */ = {isa = PBXFileReference; explicitFileType = archive.ar; includeInIndex = 0; path = libSaiph.a; sourceTree = BUILT_PRODUCTS_DIR; };
		D148579F1780E41D006BB829 /* Foundation.framework */ = {isa = PBXFileReference; lastKnownFileType = wrapper.framework; name = Foundation.framework; path = System/Library/Frameworks/Foundation.framework; sourceTree = SDKROOT; };
		D14857A31780E41D006BB829 /* Saiph-Prefix.pch */ = {isa = PBXFileReference; lastKnownFileType = sourcecode.c.h; path = "Saiph-Prefix.pch"; sourceTree = "<group>"; };
		D14857A41780E41D006BB829 /* Saiph.h */ = {isa = PBXFileReference; lastKnownFileType = sourcecode.c.h; path = Saiph.h; sourceTree = "<group>"; };
		D14857AD1780E41D006BB829 /* SaiphTests.xctest */ = {isa = PBXFileReference; explicitFileType = wrapper.cfbundle; includeInIndex = 0; path = SaiphTests.xctest; sourceTree = BUILT_PRODUCTS_DIR; };
		D14857B01780E41D006BB829 /* UIKit.framework */ = {isa = PBXFileReference; lastKnownFileType = wrapper.framework; name = UIKit.framework; path = Library/Frameworks/UIKit.framework; sourceTree = DEVELOPER_DIR; };
		D14857B81780E41D006BB829 /* SaiphTests-Info.plist */ = {isa = PBXFileReference; lastKnownFileType = text.plist.xml; path = "SaiphTests-Info.plist"; sourceTree = "<group>"; };
		D14857BA1780E41D006BB829 /* en */ = {isa = PBXFileReference; lastKnownFileType = text.plist.strings; name = en; path = en.lproj/InfoPlist.strings; sourceTree = "<group>"; };
		D14857BC1780E41D006BB829 /* SaiphTests.h */ = {isa = PBXFileReference; lastKnownFileType = sourcecode.c.h; path = SaiphTests.h; sourceTree = "<group>"; };
		D14857BD1780E41D006BB829 /* SaiphTests.m */ = {isa = PBXFileReference; lastKnownFileType = sourcecode.c.objc; path = SaiphTests.m; sourceTree = "<group>"; };
		D14857C71780E4A3006BB829 /* README.md */ = {isa = PBXFileReference; lastKnownFileType = text; path = README.md; sourceTree = "<group>"; };
		D1E8766F1780F948009EEB44 /* SaiphAlgorithm.h */ = {isa = PBXFileReference; fileEncoding = 4; lastKnownFileType = sourcecode.c.h; path = SaiphAlgorithm.h; sourceTree = "<group>"; };
		D1E876701780F948009EEB44 /* SaiphAlgorithm.m */ = {isa = PBXFileReference; fileEncoding = 4; lastKnownFileType = sourcecode.c.objc; path = SaiphAlgorithm.m; sourceTree = "<group>"; };
		D1E876721780FBC0009EEB44 /* SaiphAlgMod97.h */ = {isa = PBXFileReference; fileEncoding = 4; lastKnownFileType = sourcecode.c.h; path = SaiphAlgMod97.h; sourceTree = "<group>"; };
		D1E876731780FBC0009EEB44 /* SaiphAlgMod97.m */ = {isa = PBXFileReference; fileEncoding = 4; lastKnownFileType = sourcecode.c.objc; path = SaiphAlgMod97.m; sourceTree = "<group>"; };
		D1E8767517810B7F009EEB44 /* SaiphChecksummer.h */ = {isa = PBXFileReference; fileEncoding = 4; lastKnownFileType = sourcecode.c.h; path = SaiphChecksummer.h; sourceTree = "<group>"; };
		D1E8767617810B7F009EEB44 /* SaiphChecksummer.m */ = {isa = PBXFileReference; fileEncoding = 4; lastKnownFileType = sourcecode.c.objc; path = SaiphChecksummer.m; sourceTree = "<group>"; };
		D1E8767817810CE9009EEB44 /* libobjc.A.dylib */ = {isa = PBXFileReference; lastKnownFileType = "compiled.mach-o.dylib"; name = libobjc.A.dylib; path = usr/lib/libobjc.A.dylib; sourceTree = SDKROOT; };
		D1E8767A17810E15009EEB44 /* SaiphConstants.h */ = {isa = PBXFileReference; fileEncoding = 4; lastKnownFileType = sourcecode.c.h; path = SaiphConstants.h; sourceTree = "<group>"; };
		D1E8767B17810E15009EEB44 /* SaiphConstants.m */ = {isa = PBXFileReference; fileEncoding = 4; lastKnownFileType = sourcecode.c.objc; path = SaiphConstants.m; sourceTree = "<group>"; };
/* End PBXFileReference section */

/* Begin PBXFrameworksBuildPhase section */
		D14857991780E41D006BB829 /* Frameworks */ = {
			isa = PBXFrameworksBuildPhase;
			buildActionMask = 2147483647;
			files = (
				D14857A01780E41D006BB829 /* Foundation.framework in Frameworks */,
			);
			runOnlyForDeploymentPostprocessing = 0;
		};
		D14857A91780E41D006BB829 /* Frameworks */ = {
			isa = PBXFrameworksBuildPhase;
			buildActionMask = 2147483647;
			files = (
				D14857B11780E41D006BB829 /* UIKit.framework in Frameworks */,
				D14857B21780E41D006BB829 /* Foundation.framework in Frameworks */,
				D14857B51780E41D006BB829 /* libSaiph.a in Frameworks */,
			);
			runOnlyForDeploymentPostprocessing = 0;
		};
/* End PBXFrameworksBuildPhase section */

/* Begin PBXGroup section */
		D14857931780E41D006BB829 = {
			isa = PBXGroup;
			children = (
				D10AF0061780E9F100592A8F /* LICENSE.md */,
				D14857C71780E4A3006BB829 /* README.md */,
				D14857A11780E41D006BB829 /* Saiph */,
				D14857B61780E41D006BB829 /* SaiphTests */,
				D148579E1780E41D006BB829 /* Frameworks */,
				D148579D1780E41D006BB829 /* Products */,
			);
			sourceTree = "<group>";
		};
		D148579D1780E41D006BB829 /* Products */ = {
			isa = PBXGroup;
			children = (
				D148579C1780E41D006BB829 /* libSaiph.a */,
				D14857AD1780E41D006BB829 /* SaiphTests.xctest */,
			);
			name = Products;
			sourceTree = "<group>";
		};
		D148579E1780E41D006BB829 /* Frameworks */ = {
			isa = PBXGroup;
			children = (
				D1E8767817810CE9009EEB44 /* libobjc.A.dylib */,
				D148579F1780E41D006BB829 /* Foundation.framework */,
				D14857B01780E41D006BB829 /* UIKit.framework */,
			);
			name = Frameworks;
			sourceTree = "<group>";
		};
		D14857A11780E41D006BB829 /* Saiph */ = {
			isa = PBXGroup;
			children = (
				D14857A41780E41D006BB829 /* Saiph.h */,
				D1E8767A17810E15009EEB44 /* SaiphConstants.h */,
				D1E8767B17810E15009EEB44 /* SaiphConstants.m */,
				D14857A21780E41D006BB829 /* Supporting Files */,
				D1CBF5B218FC4EDA00A8F10B /* Algorithms */,
				D1CBF5B318FC4EF300A8F10B /* Validation */,
			);
			path = Saiph;
			sourceTree = "<group>";
		};
		D14857A21780E41D006BB829 /* Supporting Files */ = {
			isa = PBXGroup;
			children = (
				D14857A31780E41D006BB829 /* Saiph-Prefix.pch */,
			);
			name = "Supporting Files";
			sourceTree = "<group>";
		};
		D14857B61780E41D006BB829 /* SaiphTests */ = {
			isa = PBXGroup;
			children = (
				D14857BC1780E41D006BB829 /* SaiphTests.h */,
				D14857BD1780E41D006BB829 /* SaiphTests.m */,
				D14857B71780E41D006BB829 /* Supporting Files */,
			);
			path = SaiphTests;
			sourceTree = "<group>";
		};
		D14857B71780E41D006BB829 /* Supporting Files */ = {
			isa = PBXGroup;
			children = (
				D14857B81780E41D006BB829 /* SaiphTests-Info.plist */,
				D14857B91780E41D006BB829 /* InfoPlist.strings */,
			);
			name = "Supporting Files";
			sourceTree = "<group>";
		};
		D1CBF5B218FC4EDA00A8F10B /* Algorithms */ = {
			isa = PBXGroup;
			children = (
				D1E8767517810B7F009EEB44 /* SaiphChecksummer.h */,
				D1E8767617810B7F009EEB44 /* SaiphChecksummer.m */,
				D1E8766F1780F948009EEB44 /* SaiphAlgorithm.h */,
				D1E876701780F948009EEB44 /* SaiphAlgorithm.m */,
				D1E876721780FBC0009EEB44 /* SaiphAlgMod97.h */,
				D1E876731780FBC0009EEB44 /* SaiphAlgMod97.m */,
				D100531418FC29750076523A /* SaiphAlgCNJMod97.h */,
				D100531518FC29750076523A /* SaiphAlgCNJMod97.m */,
			);
			name = Algorithms;
			sourceTree = "<group>";
		};
		D1CBF5B318FC4EF300A8F10B /* Validation */ = {
			isa = PBXGroup;
			children = (
				D121081F18FC4FAC00FCCBB4 /* SaiphValidatorAlgCNJ.h */,
				D121082018FC4FAC00FCCBB4 /* SaiphValidatorAlgCNJ.m */,
				D1217E0018F8853700EC082D /* SaiphValidator.h */,
				D1217E0118F8853700EC082D /* SaiphValidator.m */,
				D100530518FBEB930076523A /* SaiphValidatorAlgorithm.h */,
				D100530618FBEB930076523A /* SaiphValidatorAlgorithm.m */,
			);
			name = Validation;
			sourceTree = "<group>";
		};
/* End PBXGroup section */

/* Begin PBXNativeTarget section */
		D148579B1780E41D006BB829 /* Saiph */ = {
			isa = PBXNativeTarget;
			buildConfigurationList = D14857C11780E41D006BB829 /* Build configuration list for PBXNativeTarget "Saiph" */;
			buildPhases = (
				D14857981780E41D006BB829 /* Sources */,
				D14857991780E41D006BB829 /* Frameworks */,
				D148579A1780E41D006BB829 /* CopyFiles */,
			);
			buildRules = (
			);
			dependencies = (
			);
			name = Saiph;
			productName = Saiph;
			productReference = D148579C1780E41D006BB829 /* libSaiph.a */;
			productType = "com.apple.product-type.library.static";
		};
		D14857AC1780E41D006BB829 /* SaiphTests */ = {
			isa = PBXNativeTarget;
			buildConfigurationList = D14857C41780E41D006BB829 /* Build configuration list for PBXNativeTarget "SaiphTests" */;
			buildPhases = (
				D14857A81780E41D006BB829 /* Sources */,
				D14857A91780E41D006BB829 /* Frameworks */,
				D14857AA1780E41D006BB829 /* Resources */,
				D14857AB1780E41D006BB829 /* ShellScript */,
			);
			buildRules = (
			);
			dependencies = (
				D14857B41780E41D006BB829 /* PBXTargetDependency */,
			);
			name = SaiphTests;
			productName = SaiphTests;
			productReference = D14857AD1780E41D006BB829 /* SaiphTests.xctest */;
			productType = "com.apple.product-type.bundle.unit-test";
		};
/* End PBXNativeTarget section */

/* Begin PBXProject section */
		D14857941780E41D006BB829 /* Project object */ = {
			isa = PBXProject;
			attributes = {
				CLASSPREFIX = Saiph;
				LastTestingUpgradeCheck = 0510;
				LastUpgradeCheck = 0460;
				ORGANIZATIONNAME = "Ronaldo Faria Lima";
			};
			buildConfigurationList = D14857971780E41D006BB829 /* Build configuration list for PBXProject "Saiph" */;
			compatibilityVersion = "Xcode 3.2";
			developmentRegion = English;
			hasScannedForEncodings = 0;
			knownRegions = (
				en,
			);
			mainGroup = D14857931780E41D006BB829;
			productRefGroup = D148579D1780E41D006BB829 /* Products */;
			projectDirPath = "";
			projectRoot = "";
			targets = (
				D148579B1780E41D006BB829 /* Saiph */,
				D14857AC1780E41D006BB829 /* SaiphTests */,
			);
		};
/* End PBXProject section */

/* Begin PBXResourcesBuildPhase section */
		D14857AA1780E41D006BB829 /* Resources */ = {
			isa = PBXResourcesBuildPhase;
			buildActionMask = 2147483647;
			files = (
				D14857BB1780E41D006BB829 /* InfoPlist.strings in Resources */,
			);
			runOnlyForDeploymentPostprocessing = 0;
		};
/* End PBXResourcesBuildPhase section */

/* Begin PBXShellScriptBuildPhase section */
		D14857AB1780E41D006BB829 /* ShellScript */ = {
			isa = PBXShellScriptBuildPhase;
			buildActionMask = 2147483647;
			files = (
			);
			inputPaths = (
			);
			outputPaths = (
			);
			runOnlyForDeploymentPostprocessing = 0;
			shellPath = /bin/sh;
			shellScript = "# Run the unit tests in this test bundle.\n\"${SYSTEM_DEVELOPER_DIR}/Tools/RunUnitTests\"\n";
		};
/* End PBXShellScriptBuildPhase section */

/* Begin PBXSourcesBuildPhase section */
		D14857981780E41D006BB829 /* Sources */ = {
			isa = PBXSourcesBuildPhase;
			buildActionMask = 2147483647;
			files = (
				D1E876711780F948009EEB44 /* SaiphAlgorithm.m in Sources */,
				D121082118FC4FAC00FCCBB4 /* SaiphValidatorAlgCNJ.m in Sources */,
				D100531618FC29750076523A /* SaiphAlgCNJMod97.m in Sources */,
				D1E876741780FBC0009EEB44 /* SaiphAlgMod97.m in Sources */,
				D100530718FBEB930076523A /* SaiphValidatorAlgorithm.m in Sources */,
				D1217E0218F8853700EC082D /* SaiphValidator.m in Sources */,
				D1E8767717810B7F009EEB44 /* SaiphChecksummer.m in Sources */,
				D1E8767C17810E15009EEB44 /* SaiphConstants.m in Sources */,
			);
			runOnlyForDeploymentPostprocessing = 0;
		};
		D14857A81780E41D006BB829 /* Sources */ = {
			isa = PBXSourcesBuildPhase;
			buildActionMask = 2147483647;
			files = (
				D14857BE1780E41D006BB829 /* SaiphTests.m in Sources */,
			);
			runOnlyForDeploymentPostprocessing = 0;
		};
/* End PBXSourcesBuildPhase section */

/* Begin PBXTargetDependency section */
		D14857B41780E41D006BB829 /* PBXTargetDependency */ = {
			isa = PBXTargetDependency;
			target = D148579B1780E41D006BB829 /* Saiph */;
			targetProxy = D14857B31780E41D006BB829 /* PBXContainerItemProxy */;
		};
/* End PBXTargetDependency section */

/* Begin PBXVariantGroup section */
		D14857B91780E41D006BB829 /* InfoPlist.strings */ = {
			isa = PBXVariantGroup;
			children = (
				D14857BA1780E41D006BB829 /* en */,
			);
			name = InfoPlist.strings;
			sourceTree = "<group>";
		};
/* End PBXVariantGroup section */

/* Begin XCBuildConfiguration section */
		D14857BF1780E41D006BB829 /* Debug */ = {
			isa = XCBuildConfiguration;
			buildSettings = {
				ALWAYS_SEARCH_USER_PATHS = NO;
				CLANG_CXX_LANGUAGE_STANDARD = "gnu++0x";
				CLANG_CXX_LIBRARY = "libc++";
				CLANG_ENABLE_OBJC_ARC = YES;
				CLANG_WARN_CONSTANT_CONVERSION = YES;
				CLANG_WARN_EMPTY_BODY = YES;
				CLANG_WARN_ENUM_CONVERSION = YES;
				CLANG_WARN_INT_CONVERSION = YES;
				CLANG_WARN__DUPLICATE_METHOD_MATCH = YES;
				COPY_PHASE_STRIP = NO;
				GCC_C_LANGUAGE_STANDARD = gnu99;
				GCC_DYNAMIC_NO_PIC = NO;
				GCC_OPTIMIZATION_LEVEL = 0;
				GCC_PREPROCESSOR_DEFINITIONS = (
					"DEBUG=1",
					"$(inherited)",
				);
				GCC_SYMBOLS_PRIVATE_EXTERN = NO;
				GCC_WARN_ABOUT_RETURN_TYPE = YES;
				GCC_WARN_UNINITIALIZED_AUTOS = YES;
				GCC_WARN_UNUSED_VARIABLE = YES;
				IPHONEOS_DEPLOYMENT_TARGET = 7.1;
				ONLY_ACTIVE_ARCH = YES;
				SDKROOT = iphoneos;
			};
			name = Debug;
		};
		D14857C01780E41D006BB829 /* Release */ = {
			isa = XCBuildConfiguration;
			buildSettings = {
				ALWAYS_SEARCH_USER_PATHS = NO;
				CLANG_CXX_LANGUAGE_STANDARD = "gnu++0x";
				CLANG_CXX_LIBRARY = "libc++";
				CLANG_ENABLE_OBJC_ARC = YES;
				CLANG_WARN_CONSTANT_CONVERSION = YES;
				CLANG_WARN_EMPTY_BODY = YES;
				CLANG_WARN_ENUM_CONVERSION = YES;
				CLANG_WARN_INT_CONVERSION = YES;
				CLANG_WARN__DUPLICATE_METHOD_MATCH = YES;
				COPY_PHASE_STRIP = YES;
				GCC_C_LANGUAGE_STANDARD = gnu99;
				GCC_WARN_ABOUT_RETURN_TYPE = YES;
				GCC_WARN_UNINITIALIZED_AUTOS = YES;
				GCC_WARN_UNUSED_VARIABLE = YES;
				IPHONEOS_DEPLOYMENT_TARGET = 7.1;
				SDKROOT = iphoneos;
				VALIDATE_PRODUCT = YES;
			};
			name = Release;
		};
		D14857C21780E41D006BB829 /* Debug */ = {
			isa = XCBuildConfiguration;
			buildSettings = {
				DSTROOT = /tmp/Saiph.dst;
				GCC_PRECOMPILE_PREFIX_HEADER = YES;
				GCC_PREFIX_HEADER = "Saiph/Saiph-Prefix.pch";
				OTHER_LDFLAGS = "-ObjC";
				PRODUCT_NAME = "$(TARGET_NAME)";
				SKIP_INSTALL = YES;
			};
			name = Debug;
		};
		D14857C31780E41D006BB829 /* Release */ = {
			isa = XCBuildConfiguration;
			buildSettings = {
				DSTROOT = /tmp/Saiph.dst;
				GCC_PRECOMPILE_PREFIX_HEADER = YES;
				GCC_PREFIX_HEADER = "Saiph/Saiph-Prefix.pch";
				OTHER_LDFLAGS = "-ObjC";
				PRODUCT_NAME = "$(TARGET_NAME)";
				SKIP_INSTALL = YES;
			};
			name = Release;
		};
		D14857C51780E41D006BB829 /* Debug */ = {
			isa = XCBuildConfiguration;
			buildSettings = {
				FRAMEWORK_SEARCH_PATHS = (
					"$(SDKROOT)/Developer/Library/Frameworks",
					"$(inherited)",
					"$(DEVELOPER_LIBRARY_DIR)/Frameworks",
				);
				GCC_PRECOMPILE_PREFIX_HEADER = YES;
				GCC_PREFIX_HEADER = "Saiph/Saiph-Prefix.pch";
				INFOPLIST_FILE = "SaiphTests/SaiphTests-Info.plist";
				OTHER_LDFLAGS = (
					"$(inherited)",
					"-ObjC",
				);
				PRODUCT_NAME = "$(TARGET_NAME)";
			};
			name = Debug;
		};
		D14857C61780E41D006BB829 /* Release */ = {
			isa = XCBuildConfiguration;
			buildSettings = {
				FRAMEWORK_SEARCH_PATHS = (
					"$(SDKROOT)/Developer/Library/Frameworks",
					"$(inherited)",
					"$(DEVELOPER_LIBRARY_DIR)/Frameworks",
				);
				GCC_PRECOMPILE_PREFIX_HEADER = YES;
				GCC_PREFIX_HEADER = "Saiph/Saiph-Prefix.pch";
				INFOPLIST_FILE = "SaiphTests/SaiphTests-Info.plist";
				OTHER_LDFLAGS = (
					"$(inherited)",
					"-ObjC",
				);
				PRODUCT_NAME = "$(TARGET_NAME)";
			};
			name = Release;
		};
/* End XCBuildConfiguration section */

/* Begin XCConfigurationList section */
		D14857971780E41D006BB829 /* Build configuration list for PBXProject "Saiph" */ = {
			isa = XCConfigurationList;
			buildConfigurations = (
				D14857BF1780E41D006BB829 /* Debug */,
				D14857C01780E41D006BB829 /* Release */,
			);
			defaultConfigurationIsVisible = 0;
			defaultConfigurationName = Release;
		};
		D14857C11780E41D006BB829 /* Build configuration list for PBXNativeTarget "Saiph" */ = {
			isa = XCConfigurationList;
			buildConfigurations = (
				D14857C21780E41D006BB829 /* Debug */,
				D14857C31780E41D006BB829 /* Release */,
			);
			defaultConfigurationIsVisible = 0;
			defaultConfigurationName = Release;
		};
		D14857C41780E41D006BB829 /* Build configuration list for PBXNativeTarget "SaiphTests" */ = {
			isa = XCConfigurationList;
			buildConfigurations = (
				D14857C51780E41D006BB829 /* Debug */,
				D14857C61780E41D006BB829 /* Release */,
			);
			defaultConfigurationIsVisible = 0;
			defaultConfigurationName = Release;
		};
/* End XCConfigurationList section */
	};
	rootObject = D14857941780E41D006BB829 /* Project object */;
}
